// !$*UTF8*$!
{
	archiveVersion = 1;
	classes = {
	};
	objectVersion = 56;
	objects = {

/* Begin PBXBuildFile section */
		F13ACD672A1D29AA000C792B /* RMEpisodeDetailViewController.swift in Sources */ = {isa = PBXBuildFile; fileRef = F13ACD662A1D29AA000C792B /* RMEpisodeDetailViewController.swift */; };
		F1903CAA2A0941C500BFC06A /* AppDelegate.swift in Sources */ = {isa = PBXBuildFile; fileRef = F1903CA92A0941C500BFC06A /* AppDelegate.swift */; };
		F1903CAC2A0941C500BFC06A /* SceneDelegate.swift in Sources */ = {isa = PBXBuildFile; fileRef = F1903CAB2A0941C500BFC06A /* SceneDelegate.swift */; };
		F1903CAE2A0941C500BFC06A /* RMTabViewController.swift in Sources */ = {isa = PBXBuildFile; fileRef = F1903CAD2A0941C500BFC06A /* RMTabViewController.swift */; };
		F1903CB12A0941C500BFC06A /* Main.storyboard in Resources */ = {isa = PBXBuildFile; fileRef = F1903CAF2A0941C500BFC06A /* Main.storyboard */; };
		F1903CB32A0941C600BFC06A /* Assets.xcassets in Resources */ = {isa = PBXBuildFile; fileRef = F1903CB22A0941C600BFC06A /* Assets.xcassets */; };
		F1903CB62A0941C600BFC06A /* LaunchScreen.storyboard in Resources */ = {isa = PBXBuildFile; fileRef = F1903CB42A0941C600BFC06A /* LaunchScreen.storyboard */; };
		F1903CC62A095FB400BFC06A /* RMLocation.swift in Sources */ = {isa = PBXBuildFile; fileRef = F1903CC52A095FB400BFC06A /* RMLocation.swift */; };
		F1903CC82A095FDF00BFC06A /* RMCharacter.swift in Sources */ = {isa = PBXBuildFile; fileRef = F1903CC72A095FDF00BFC06A /* RMCharacter.swift */; };
		F1903CCA2A095FFE00BFC06A /* RMEpisode.swift in Sources */ = {isa = PBXBuildFile; fileRef = F1903CC92A095FFE00BFC06A /* RMEpisode.swift */; };
		F1903CCE2A09617D00BFC06A /* RMCharacterViewController.swift in Sources */ = {isa = PBXBuildFile; fileRef = F1903CCD2A09617D00BFC06A /* RMCharacterViewController.swift */; };
		F1903CD02A0961C800BFC06A /* RMLocationViewController.swift in Sources */ = {isa = PBXBuildFile; fileRef = F1903CCF2A0961C800BFC06A /* RMLocationViewController.swift */; };
		F1903CD22A0961E800BFC06A /* RMEpisodeViewController.swift in Sources */ = {isa = PBXBuildFile; fileRef = F1903CD12A0961E800BFC06A /* RMEpisodeViewController.swift */; };
		F1903CD42A09620800BFC06A /* RMSettingsViewController.swift in Sources */ = {isa = PBXBuildFile; fileRef = F1903CD32A09620800BFC06A /* RMSettingsViewController.swift */; };
		F1903CD62A098CF900BFC06A /* RMService.swift in Sources */ = {isa = PBXBuildFile; fileRef = F1903CD52A098CF900BFC06A /* RMService.swift */; };
		F1903CD82A098D2D00BFC06A /* RMRequest.swift in Sources */ = {isa = PBXBuildFile; fileRef = F1903CD72A098D2D00BFC06A /* RMRequest.swift */; };
		F1903CDA2A098F0400BFC06A /* RMEndpoint.swift in Sources */ = {isa = PBXBuildFile; fileRef = F1903CD92A098F0400BFC06A /* RMEndpoint.swift */; };
		F1903CDC2A09BADF00BFC06A /* RMOrigin.swift in Sources */ = {isa = PBXBuildFile; fileRef = F1903CDB2A09BADF00BFC06A /* RMOrigin.swift */; };
		F1903CDE2A09BC0100BFC06A /* RMSingleLocation.swift in Sources */ = {isa = PBXBuildFile; fileRef = F1903CDD2A09BC0100BFC06A /* RMSingleLocation.swift */; };
		F1903CE02A09BE6400BFC06A /* RMCharacterStatus.swift in Sources */ = {isa = PBXBuildFile; fileRef = F1903CDF2A09BE6400BFC06A /* RMCharacterStatus.swift */; };
		F1903CE22A09BEDE00BFC06A /* RMCharacterGender.swift in Sources */ = {isa = PBXBuildFile; fileRef = F1903CE12A09BEDE00BFC06A /* RMCharacterGender.swift */; };
		F1903CE62A0B08F200BFC06A /* RMGetAllCharactersResponse.swift in Sources */ = {isa = PBXBuildFile; fileRef = F1903CE52A0B08F200BFC06A /* RMGetAllCharactersResponse.swift */; };
		F1903CE82A0B9A8C00BFC06A /* RMCharacterListViewViewModel.swift in Sources */ = {isa = PBXBuildFile; fileRef = F1903CE72A0B9A8C00BFC06A /* RMCharacterListViewViewModel.swift */; };
		F1903CEA2A0B9B6B00BFC06A /* RMCharacterListView.swift in Sources */ = {isa = PBXBuildFile; fileRef = F1903CE92A0B9B6B00BFC06A /* RMCharacterListView.swift */; };
		F1903CEC2A0BF55900BFC06A /* Extensions.swift in Sources */ = {isa = PBXBuildFile; fileRef = F1903CEB2A0BF55900BFC06A /* Extensions.swift */; };
		F1903CEE2A0C155F00BFC06A /* RMCharacterCollectionViewCell.swift in Sources */ = {isa = PBXBuildFile; fileRef = F1903CED2A0C155F00BFC06A /* RMCharacterCollectionViewCell.swift */; };
		F1903CF02A0D221C00BFC06A /* RMCharacterCollectionViewCellViewModel.swift in Sources */ = {isa = PBXBuildFile; fileRef = F1903CEF2A0D221C00BFC06A /* RMCharacterCollectionViewCellViewModel.swift */; };
		F1E2E39E2A126C3500EB1394 /* RMCharacterDetailViewController.swift in Sources */ = {isa = PBXBuildFile; fileRef = F1E2E39D2A126C3500EB1394 /* RMCharacterDetailViewController.swift */; };
		F1E2E3A02A126E2200EB1394 /* RMCharacterDetailView.swift in Sources */ = {isa = PBXBuildFile; fileRef = F1E2E39F2A126E2200EB1394 /* RMCharacterDetailView.swift */; };
		F1E2E3A22A126E8200EB1394 /* RMCharacterDetailViewViewModel.swift in Sources */ = {isa = PBXBuildFile; fileRef = F1E2E3A12A126E8200EB1394 /* RMCharacterDetailViewViewModel.swift */; };
		F1E2E3A42A128FDC00EB1394 /* RMFooterLoadingCollectionReusableView.swift in Sources */ = {isa = PBXBuildFile; fileRef = F1E2E3A32A128FDC00EB1394 /* RMFooterLoadingCollectionReusableView.swift */; };
		F1E2E3A62A142E4600EB1394 /* RMImageLoader.swift in Sources */ = {isa = PBXBuildFile; fileRef = F1E2E3A52A142E4600EB1394 /* RMImageLoader.swift */; };
		F1E2E3AA2A1A58C100EB1394 /* RMCharacterPhotoCollectionViewCell.swift in Sources */ = {isa = PBXBuildFile; fileRef = F1E2E3A92A1A58C100EB1394 /* RMCharacterPhotoCollectionViewCell.swift */; };
		F1E2E3AC2A1A58E500EB1394 /* RMCharacterInfoCollectionViewCell.swift in Sources */ = {isa = PBXBuildFile; fileRef = F1E2E3AB2A1A58E500EB1394 /* RMCharacterInfoCollectionViewCell.swift */; };
		F1E2E3AE2A1A592800EB1394 /* RMCharacterEpisodeCollectionViewCell.swift in Sources */ = {isa = PBXBuildFile; fileRef = F1E2E3AD2A1A592800EB1394 /* RMCharacterEpisodeCollectionViewCell.swift */; };
		F1E2E3B12A1A5A6D00EB1394 /* RMCharacterPhotoCollectionViewCellViewModel.swift in Sources */ = {isa = PBXBuildFile; fileRef = F1E2E3B02A1A5A6D00EB1394 /* RMCharacterPhotoCollectionViewCellViewModel.swift */; };
		F1E2E3B32A1A5AC300EB1394 /* RMCharacterInfoCollectionViewCellViewModel.swift in Sources */ = {isa = PBXBuildFile; fileRef = F1E2E3B22A1A5AC300EB1394 /* RMCharacterInfoCollectionViewCellViewModel.swift */; };
		F1E2E3B52A1A5AF100EB1394 /* RMCharacterEpisodeCollectionViewCellViewModel.swift in Sources */ = {isa = PBXBuildFile; fileRef = F1E2E3B42A1A5AF100EB1394 /* RMCharacterEpisodeCollectionViewCellViewModel.swift */; };
/* End PBXBuildFile section */

/* Begin PBXFileReference section */
		F13ACD662A1D29AA000C792B /* RMEpisodeDetailViewController.swift */ = {isa = PBXFileReference; lastKnownFileType = sourcecode.swift; path = RMEpisodeDetailViewController.swift; sourceTree = "<group>"; };
		F1903CA62A0941C500BFC06A /* RickAndMorty.app */ = {isa = PBXFileReference; explicitFileType = wrapper.application; includeInIndex = 0; path = RickAndMorty.app; sourceTree = BUILT_PRODUCTS_DIR; };
		F1903CA92A0941C500BFC06A /* AppDelegate.swift */ = {isa = PBXFileReference; lastKnownFileType = sourcecode.swift; path = AppDelegate.swift; sourceTree = "<group>"; };
		F1903CAB2A0941C500BFC06A /* SceneDelegate.swift */ = {isa = PBXFileReference; lastKnownFileType = sourcecode.swift; path = SceneDelegate.swift; sourceTree = "<group>"; };
		F1903CAD2A0941C500BFC06A /* RMTabViewController.swift */ = {isa = PBXFileReference; lastKnownFileType = sourcecode.swift; path = RMTabViewController.swift; sourceTree = "<group>"; };
		F1903CB02A0941C500BFC06A /* Base */ = {isa = PBXFileReference; lastKnownFileType = file.storyboard; name = Base; path = Base.lproj/Main.storyboard; sourceTree = "<group>"; };
		F1903CB22A0941C600BFC06A /* Assets.xcassets */ = {isa = PBXFileReference; lastKnownFileType = folder.assetcatalog; path = Assets.xcassets; sourceTree = "<group>"; };
		F1903CB52A0941C600BFC06A /* Base */ = {isa = PBXFileReference; lastKnownFileType = file.storyboard; name = Base; path = Base.lproj/LaunchScreen.storyboard; sourceTree = "<group>"; };
		F1903CB72A0941C600BFC06A /* Info.plist */ = {isa = PBXFileReference; lastKnownFileType = text.plist.xml; path = Info.plist; sourceTree = "<group>"; };
		F1903CC52A095FB400BFC06A /* RMLocation.swift */ = {isa = PBXFileReference; lastKnownFileType = sourcecode.swift; path = RMLocation.swift; sourceTree = "<group>"; };
		F1903CC72A095FDF00BFC06A /* RMCharacter.swift */ = {isa = PBXFileReference; lastKnownFileType = sourcecode.swift; path = RMCharacter.swift; sourceTree = "<group>"; };
		F1903CC92A095FFE00BFC06A /* RMEpisode.swift */ = {isa = PBXFileReference; lastKnownFileType = sourcecode.swift; path = RMEpisode.swift; sourceTree = "<group>"; };
		F1903CCD2A09617D00BFC06A /* RMCharacterViewController.swift */ = {isa = PBXFileReference; lastKnownFileType = sourcecode.swift; path = RMCharacterViewController.swift; sourceTree = "<group>"; };
		F1903CCF2A0961C800BFC06A /* RMLocationViewController.swift */ = {isa = PBXFileReference; lastKnownFileType = sourcecode.swift; path = RMLocationViewController.swift; sourceTree = "<group>"; };
		F1903CD12A0961E800BFC06A /* RMEpisodeViewController.swift */ = {isa = PBXFileReference; lastKnownFileType = sourcecode.swift; path = RMEpisodeViewController.swift; sourceTree = "<group>"; };
		F1903CD32A09620800BFC06A /* RMSettingsViewController.swift */ = {isa = PBXFileReference; lastKnownFileType = sourcecode.swift; path = RMSettingsViewController.swift; sourceTree = "<group>"; };
		F1903CD52A098CF900BFC06A /* RMService.swift */ = {isa = PBXFileReference; lastKnownFileType = sourcecode.swift; path = RMService.swift; sourceTree = "<group>"; };
		F1903CD72A098D2D00BFC06A /* RMRequest.swift */ = {isa = PBXFileReference; lastKnownFileType = sourcecode.swift; path = RMRequest.swift; sourceTree = "<group>"; };
		F1903CD92A098F0400BFC06A /* RMEndpoint.swift */ = {isa = PBXFileReference; lastKnownFileType = sourcecode.swift; path = RMEndpoint.swift; sourceTree = "<group>"; };
		F1903CDB2A09BADF00BFC06A /* RMOrigin.swift */ = {isa = PBXFileReference; lastKnownFileType = sourcecode.swift; path = RMOrigin.swift; sourceTree = "<group>"; };
		F1903CDD2A09BC0100BFC06A /* RMSingleLocation.swift */ = {isa = PBXFileReference; lastKnownFileType = sourcecode.swift; path = RMSingleLocation.swift; sourceTree = "<group>"; };
		F1903CDF2A09BE6400BFC06A /* RMCharacterStatus.swift */ = {isa = PBXFileReference; lastKnownFileType = sourcecode.swift; path = RMCharacterStatus.swift; sourceTree = "<group>"; };
		F1903CE12A09BEDE00BFC06A /* RMCharacterGender.swift */ = {isa = PBXFileReference; lastKnownFileType = sourcecode.swift; path = RMCharacterGender.swift; sourceTree = "<group>"; };
		F1903CE52A0B08F200BFC06A /* RMGetAllCharactersResponse.swift */ = {isa = PBXFileReference; lastKnownFileType = sourcecode.swift; path = RMGetAllCharactersResponse.swift; sourceTree = "<group>"; };
		F1903CE72A0B9A8C00BFC06A /* RMCharacterListViewViewModel.swift */ = {isa = PBXFileReference; lastKnownFileType = sourcecode.swift; path = RMCharacterListViewViewModel.swift; sourceTree = "<group>"; };
		F1903CE92A0B9B6B00BFC06A /* RMCharacterListView.swift */ = {isa = PBXFileReference; lastKnownFileType = sourcecode.swift; path = RMCharacterListView.swift; sourceTree = "<group>"; };
		F1903CEB2A0BF55900BFC06A /* Extensions.swift */ = {isa = PBXFileReference; lastKnownFileType = sourcecode.swift; path = Extensions.swift; sourceTree = "<group>"; };
		F1903CED2A0C155F00BFC06A /* RMCharacterCollectionViewCell.swift */ = {isa = PBXFileReference; lastKnownFileType = sourcecode.swift; path = RMCharacterCollectionViewCell.swift; sourceTree = "<group>"; };
		F1903CEF2A0D221C00BFC06A /* RMCharacterCollectionViewCellViewModel.swift */ = {isa = PBXFileReference; lastKnownFileType = sourcecode.swift; path = RMCharacterCollectionViewCellViewModel.swift; sourceTree = "<group>"; };
		F1E2E39D2A126C3500EB1394 /* RMCharacterDetailViewController.swift */ = {isa = PBXFileReference; lastKnownFileType = sourcecode.swift; path = RMCharacterDetailViewController.swift; sourceTree = "<group>"; };
		F1E2E39F2A126E2200EB1394 /* RMCharacterDetailView.swift */ = {isa = PBXFileReference; lastKnownFileType = sourcecode.swift; path = RMCharacterDetailView.swift; sourceTree = "<group>"; };
		F1E2E3A12A126E8200EB1394 /* RMCharacterDetailViewViewModel.swift */ = {isa = PBXFileReference; lastKnownFileType = sourcecode.swift; path = RMCharacterDetailViewViewModel.swift; sourceTree = "<group>"; };
		F1E2E3A32A128FDC00EB1394 /* RMFooterLoadingCollectionReusableView.swift */ = {isa = PBXFileReference; lastKnownFileType = sourcecode.swift; path = RMFooterLoadingCollectionReusableView.swift; sourceTree = "<group>"; };
		F1E2E3A52A142E4600EB1394 /* RMImageLoader.swift */ = {isa = PBXFileReference; lastKnownFileType = sourcecode.swift; path = RMImageLoader.swift; sourceTree = "<group>"; };
		F1E2E3A92A1A58C100EB1394 /* RMCharacterPhotoCollectionViewCell.swift */ = {isa = PBXFileReference; lastKnownFileType = sourcecode.swift; path = RMCharacterPhotoCollectionViewCell.swift; sourceTree = "<group>"; };
		F1E2E3AB2A1A58E500EB1394 /* RMCharacterInfoCollectionViewCell.swift */ = {isa = PBXFileReference; lastKnownFileType = sourcecode.swift; path = RMCharacterInfoCollectionViewCell.swift; sourceTree = "<group>"; };
		F1E2E3AD2A1A592800EB1394 /* RMCharacterEpisodeCollectionViewCell.swift */ = {isa = PBXFileReference; lastKnownFileType = sourcecode.swift; path = RMCharacterEpisodeCollectionViewCell.swift; sourceTree = "<group>"; };
		F1E2E3B02A1A5A6D00EB1394 /* RMCharacterPhotoCollectionViewCellViewModel.swift */ = {isa = PBXFileReference; lastKnownFileType = sourcecode.swift; path = RMCharacterPhotoCollectionViewCellViewModel.swift; sourceTree = "<group>"; };
		F1E2E3B22A1A5AC300EB1394 /* RMCharacterInfoCollectionViewCellViewModel.swift */ = {isa = PBXFileReference; lastKnownFileType = sourcecode.swift; path = RMCharacterInfoCollectionViewCellViewModel.swift; sourceTree = "<group>"; };
		F1E2E3B42A1A5AF100EB1394 /* RMCharacterEpisodeCollectionViewCellViewModel.swift */ = {isa = PBXFileReference; lastKnownFileType = sourcecode.swift; path = RMCharacterEpisodeCollectionViewCellViewModel.swift; sourceTree = "<group>"; };
/* End PBXFileReference section */

/* Begin PBXFrameworksBuildPhase section */
		F1903CA32A0941C500BFC06A /* Frameworks */ = {
			isa = PBXFrameworksBuildPhase;
			buildActionMask = 2147483647;
			files = (
			);
			runOnlyForDeploymentPostprocessing = 0;
		};
/* End PBXFrameworksBuildPhase section */

/* Begin PBXGroup section */
		F1903C9D2A0941C500BFC06A = {
			isa = PBXGroup;
			children = (
				F1903CA82A0941C500BFC06A /* RickAndMorty */,
				F1903CA72A0941C500BFC06A /* Products */,
			);
			sourceTree = "<group>";
		};
		F1903CA72A0941C500BFC06A /* Products */ = {
			isa = PBXGroup;
			children = (
				F1903CA62A0941C500BFC06A /* RickAndMorty.app */,
			);
			name = Products;
			sourceTree = "<group>";
		};
		F1903CA82A0941C500BFC06A /* RickAndMorty */ = {
			isa = PBXGroup;
			children = (
				F1903CC42A095EAA00BFC06A /* Resources */,
				F1903CC32A095E8C00BFC06A /* Managers */,
				F1903CC22A095E4100BFC06A /* APIClient */,
				F1903CC02A095E0900BFC06A /* ViewModels */,
				F1903CBF2A095DF500BFC06A /* Views */,
				F1903CBE2A095DE000BFC06A /* Models */,
				F1903CBD2A095DC000BFC06A /* Controllers */,
				F1903CA92A0941C500BFC06A /* AppDelegate.swift */,
				F1903CAB2A0941C500BFC06A /* SceneDelegate.swift */,
				F1903CAF2A0941C500BFC06A /* Main.storyboard */,
				F1903CB42A0941C600BFC06A /* LaunchScreen.storyboard */,
				F1903CB72A0941C600BFC06A /* Info.plist */,
			);
			path = RickAndMorty;
			sourceTree = "<group>";
		};
		F1903CBD2A095DC000BFC06A /* Controllers */ = {
			isa = PBXGroup;
			children = (
				F1E2E39C2A126BD500EB1394 /* Other */,
				F1903CCC2A0960F500BFC06A /* Core */,
			);
			path = Controllers;
			sourceTree = "<group>";
		};
		F1903CBE2A095DE000BFC06A /* Models */ = {
			isa = PBXGroup;
			children = (
				F1903CE42A0B08B500BFC06A /* APIResponseTypes */,
				F1903CE32A0B088200BFC06A /* DataTypes */,
			);
			path = Models;
			sourceTree = "<group>";
		};
		F1903CBF2A095DF500BFC06A /* Views */ = {
			isa = PBXGroup;
			children = (
				F1E2E3A72A1A580200EB1394 /* CharacterDetails */,
				F1E2E3A82A1A585C00EB1394 /* Character */,
				F1E2E3A32A128FDC00EB1394 /* RMFooterLoadingCollectionReusableView.swift */,
			);
			path = Views;
			sourceTree = "<group>";
		};
		F1903CC02A095E0900BFC06A /* ViewModels */ = {
			isa = PBXGroup;
			children = (
				F1E2E3AF2A1A595100EB1394 /* CharacterDetail */,
				F1903CE72A0B9A8C00BFC06A /* RMCharacterListViewViewModel.swift */,
				F1903CEF2A0D221C00BFC06A /* RMCharacterCollectionViewCellViewModel.swift */,
			);
			path = ViewModels;
			sourceTree = "<group>";
		};
		F1903CC22A095E4100BFC06A /* APIClient */ = {
			isa = PBXGroup;
			children = (
				F1903CD52A098CF900BFC06A /* RMService.swift */,
				F1903CD72A098D2D00BFC06A /* RMRequest.swift */,
				F1903CD92A098F0400BFC06A /* RMEndpoint.swift */,
			);
			path = APIClient;
			sourceTree = "<group>";
		};
		F1903CC32A095E8C00BFC06A /* Managers */ = {
			isa = PBXGroup;
			children = (
				F1E2E3A52A142E4600EB1394 /* RMImageLoader.swift */,
			);
			path = Managers;
			sourceTree = "<group>";
		};
		F1903CC42A095EAA00BFC06A /* Resources */ = {
			isa = PBXGroup;
			children = (
				F1903CB22A0941C600BFC06A /* Assets.xcassets */,
				F1903CEB2A0BF55900BFC06A /* Extensions.swift */,
			);
			path = Resources;
			sourceTree = "<group>";
		};
		F1903CCC2A0960F500BFC06A /* Core */ = {
			isa = PBXGroup;
			children = (
				F1903CAD2A0941C500BFC06A /* RMTabViewController.swift */,
				F1903CCD2A09617D00BFC06A /* RMCharacterViewController.swift */,
				F1903CCF2A0961C800BFC06A /* RMLocationViewController.swift */,
				F1903CD12A0961E800BFC06A /* RMEpisodeViewController.swift */,
				F1903CD32A09620800BFC06A /* RMSettingsViewController.swift */,
			);
			path = Core;
			sourceTree = "<group>";
		};
		F1903CE32A0B088200BFC06A /* DataTypes */ = {
			isa = PBXGroup;
			children = (
				F1903CC72A095FDF00BFC06A /* RMCharacter.swift */,
				F1903CC52A095FB400BFC06A /* RMLocation.swift */,
				F1903CC92A095FFE00BFC06A /* RMEpisode.swift */,
				F1903CDB2A09BADF00BFC06A /* RMOrigin.swift */,
				F1903CDD2A09BC0100BFC06A /* RMSingleLocation.swift */,
				F1903CDF2A09BE6400BFC06A /* RMCharacterStatus.swift */,
				F1903CE12A09BEDE00BFC06A /* RMCharacterGender.swift */,
			);
			path = DataTypes;
			sourceTree = "<group>";
		};
		F1903CE42A0B08B500BFC06A /* APIResponseTypes */ = {
			isa = PBXGroup;
			children = (
				F1903CE52A0B08F200BFC06A /* RMGetAllCharactersResponse.swift */,
			);
			path = APIResponseTypes;
			sourceTree = "<group>";
		};
		F1E2E39C2A126BD500EB1394 /* Other */ = {
			isa = PBXGroup;
			children = (
				F1E2E39D2A126C3500EB1394 /* RMCharacterDetailViewController.swift */,
				F13ACD662A1D29AA000C792B /* RMEpisodeDetailViewController.swift */,
			);
			path = Other;
			sourceTree = "<group>";
		};
		F1E2E3A72A1A580200EB1394 /* CharacterDetails */ = {
			isa = PBXGroup;
			children = (
				F1E2E39F2A126E2200EB1394 /* RMCharacterDetailView.swift */,
				F1E2E3A92A1A58C100EB1394 /* RMCharacterPhotoCollectionViewCell.swift */,
				F1E2E3AB2A1A58E500EB1394 /* RMCharacterInfoCollectionViewCell.swift */,
				F1E2E3AD2A1A592800EB1394 /* RMCharacterEpisodeCollectionViewCell.swift */,
			);
			path = CharacterDetails;
			sourceTree = "<group>";
		};
		F1E2E3A82A1A585C00EB1394 /* Character */ = {
			isa = PBXGroup;
			children = (
				F1903CE92A0B9B6B00BFC06A /* RMCharacterListView.swift */,
				F1903CED2A0C155F00BFC06A /* RMCharacterCollectionViewCell.swift */,
			);
			path = Character;
			sourceTree = "<group>";
		};
		F1E2E3AF2A1A595100EB1394 /* CharacterDetail */ = {
			isa = PBXGroup;
			children = (
				F1E2E3A12A126E8200EB1394 /* RMCharacterDetailViewViewModel.swift */,
				F1E2E3B02A1A5A6D00EB1394 /* RMCharacterPhotoCollectionViewCellViewModel.swift */,
				F1E2E3B22A1A5AC300EB1394 /* RMCharacterInfoCollectionViewCellViewModel.swift */,
				F1E2E3B42A1A5AF100EB1394 /* RMCharacterEpisodeCollectionViewCellViewModel.swift */,
			);
			path = CharacterDetail;
			sourceTree = "<group>";
		};
/* End PBXGroup section */

/* Begin PBXNativeTarget section */
		F1903CA52A0941C500BFC06A /* RickAndMorty */ = {
			isa = PBXNativeTarget;
			buildConfigurationList = F1903CBA2A0941C600BFC06A /* Build configuration list for PBXNativeTarget "RickAndMorty" */;
			buildPhases = (
				F1903CA22A0941C500BFC06A /* Sources */,
				F1903CA32A0941C500BFC06A /* Frameworks */,
				F1903CA42A0941C500BFC06A /* Resources */,
			);
			buildRules = (
			);
			dependencies = (
			);
			name = RickAndMorty;
			productName = RickAndMorty;
			productReference = F1903CA62A0941C500BFC06A /* RickAndMorty.app */;
			productType = "com.apple.product-type.application";
		};
/* End PBXNativeTarget section */

/* Begin PBXProject section */
		F1903C9E2A0941C500BFC06A /* Project object */ = {
			isa = PBXProject;
			attributes = {
				BuildIndependentTargetsInParallel = 1;
				LastSwiftUpdateCheck = 1430;
				LastUpgradeCheck = 1430;
				TargetAttributes = {
					F1903CA52A0941C500BFC06A = {
						CreatedOnToolsVersion = 14.3;
					};
				};
			};
			buildConfigurationList = F1903CA12A0941C500BFC06A /* Build configuration list for PBXProject "RickAndMorty" */;
			compatibilityVersion = "Xcode 14.0";
			developmentRegion = en;
			hasScannedForEncodings = 0;
			knownRegions = (
				en,
				Base,
			);
			mainGroup = F1903C9D2A0941C500BFC06A;
			productRefGroup = F1903CA72A0941C500BFC06A /* Products */;
			projectDirPath = "";
			projectRoot = "";
			targets = (
				F1903CA52A0941C500BFC06A /* RickAndMorty */,
			);
		};
/* End PBXProject section */

/* Begin PBXResourcesBuildPhase section */
		F1903CA42A0941C500BFC06A /* Resources */ = {
			isa = PBXResourcesBuildPhase;
			buildActionMask = 2147483647;
			files = (
				F1903CB62A0941C600BFC06A /* LaunchScreen.storyboard in Resources */,
				F1903CB32A0941C600BFC06A /* Assets.xcassets in Resources */,
				F1903CB12A0941C500BFC06A /* Main.storyboard in Resources */,
			);
			runOnlyForDeploymentPostprocessing = 0;
		};
/* End PBXResourcesBuildPhase section */

/* Begin PBXSourcesBuildPhase section */
		F1903CA22A0941C500BFC06A /* Sources */ = {
			isa = PBXSourcesBuildPhase;
			buildActionMask = 2147483647;
			files = (
				F1903CE62A0B08F200BFC06A /* RMGetAllCharactersResponse.swift in Sources */,
				F1E2E3A22A126E8200EB1394 /* RMCharacterDetailViewViewModel.swift in Sources */,
				F1903CDC2A09BADF00BFC06A /* RMOrigin.swift in Sources */,
				F1903CEA2A0B9B6B00BFC06A /* RMCharacterListView.swift in Sources */,
				F1903CDE2A09BC0100BFC06A /* RMSingleLocation.swift in Sources */,
				F1903CE02A09BE6400BFC06A /* RMCharacterStatus.swift in Sources */,
				F1903CE22A09BEDE00BFC06A /* RMCharacterGender.swift in Sources */,
				F1E2E39E2A126C3500EB1394 /* RMCharacterDetailViewController.swift in Sources */,
				F1E2E3A42A128FDC00EB1394 /* RMFooterLoadingCollectionReusableView.swift in Sources */,
				F1903CD02A0961C800BFC06A /* RMLocationViewController.swift in Sources */,
				F1903CCA2A095FFE00BFC06A /* RMEpisode.swift in Sources */,
				F1E2E3AC2A1A58E500EB1394 /* RMCharacterInfoCollectionViewCell.swift in Sources */,
				F1903CAE2A0941C500BFC06A /* RMTabViewController.swift in Sources */,
				F1903CEE2A0C155F00BFC06A /* RMCharacterCollectionViewCell.swift in Sources */,
				F1E2E3B32A1A5AC300EB1394 /* RMCharacterInfoCollectionViewCellViewModel.swift in Sources */,
				F1903CD22A0961E800BFC06A /* RMEpisodeViewController.swift in Sources */,
				F1E2E3A62A142E4600EB1394 /* RMImageLoader.swift in Sources */,
				F1903CAA2A0941C500BFC06A /* AppDelegate.swift in Sources */,
				F1903CAC2A0941C500BFC06A /* SceneDelegate.swift in Sources */,
				F1E2E3AA2A1A58C100EB1394 /* RMCharacterPhotoCollectionViewCell.swift in Sources */,
				F1E2E3B52A1A5AF100EB1394 /* RMCharacterEpisodeCollectionViewCellViewModel.swift in Sources */,
				F1903CD42A09620800BFC06A /* RMSettingsViewController.swift in Sources */,
				F1903CEC2A0BF55900BFC06A /* Extensions.swift in Sources */,
				F1E2E3B12A1A5A6D00EB1394 /* RMCharacterPhotoCollectionViewCellViewModel.swift in Sources */,
				F1903CD62A098CF900BFC06A /* RMService.swift in Sources */,
				F1903CC62A095FB400BFC06A /* RMLocation.swift in Sources */,
				F1903CDA2A098F0400BFC06A /* RMEndpoint.swift in Sources */,
				F13ACD672A1D29AA000C792B /* RMEpisodeDetailViewController.swift in Sources */,
				F1903CC82A095FDF00BFC06A /* RMCharacter.swift in Sources */,
				F1903CF02A0D221C00BFC06A /* RMCharacterCollectionViewCellViewModel.swift in Sources */,
				F1903CD82A098D2D00BFC06A /* RMRequest.swift in Sources */,
				F1903CE82A0B9A8C00BFC06A /* RMCharacterListViewViewModel.swift in Sources */,
				F1E2E3AE2A1A592800EB1394 /* RMCharacterEpisodeCollectionViewCell.swift in Sources */,
				F1903CCE2A09617D00BFC06A /* RMCharacterViewController.swift in Sources */,
				F1E2E3A02A126E2200EB1394 /* RMCharacterDetailView.swift in Sources */,
			);
			runOnlyForDeploymentPostprocessing = 0;
		};
/* End PBXSourcesBuildPhase section */

/* Begin PBXVariantGroup section */
		F1903CAF2A0941C500BFC06A /* Main.storyboard */ = {
			isa = PBXVariantGroup;
			children = (
				F1903CB02A0941C500BFC06A /* Base */,
			);
			name = Main.storyboard;
			sourceTree = "<group>";
		};
		F1903CB42A0941C600BFC06A /* LaunchScreen.storyboard */ = {
			isa = PBXVariantGroup;
			children = (
				F1903CB52A0941C600BFC06A /* Base */,
			);
			name = LaunchScreen.storyboard;
			sourceTree = "<group>";
		};
/* End PBXVariantGroup section */

/* Begin XCBuildConfiguration section */
		F1903CB82A0941C600BFC06A /* Debug */ = {
			isa = XCBuildConfiguration;
			buildSettings = {
				ALWAYS_SEARCH_USER_PATHS = NO;
				CLANG_ANALYZER_NONNULL = YES;
				CLANG_ANALYZER_NUMBER_OBJECT_CONVERSION = YES_AGGRESSIVE;
				CLANG_CXX_LANGUAGE_STANDARD = "gnu++20";
				CLANG_ENABLE_MODULES = YES;
				CLANG_ENABLE_OBJC_ARC = YES;
				CLANG_ENABLE_OBJC_WEAK = YES;
				CLANG_WARN_BLOCK_CAPTURE_AUTORELEASING = YES;
				CLANG_WARN_BOOL_CONVERSION = YES;
				CLANG_WARN_COMMA = YES;
				CLANG_WARN_CONSTANT_CONVERSION = YES;
				CLANG_WARN_DEPRECATED_OBJC_IMPLEMENTATIONS = YES;
				CLANG_WARN_DIRECT_OBJC_ISA_USAGE = YES_ERROR;
				CLANG_WARN_DOCUMENTATION_COMMENTS = YES;
				CLANG_WARN_EMPTY_BODY = YES;
				CLANG_WARN_ENUM_CONVERSION = YES;
				CLANG_WARN_INFINITE_RECURSION = YES;
				CLANG_WARN_INT_CONVERSION = YES;
				CLANG_WARN_NON_LITERAL_NULL_CONVERSION = YES;
				CLANG_WARN_OBJC_IMPLICIT_RETAIN_SELF = YES;
				CLANG_WARN_OBJC_LITERAL_CONVERSION = YES;
				CLANG_WARN_OBJC_ROOT_CLASS = YES_ERROR;
				CLANG_WARN_QUOTED_INCLUDE_IN_FRAMEWORK_HEADER = YES;
				CLANG_WARN_RANGE_LOOP_ANALYSIS = YES;
				CLANG_WARN_STRICT_PROTOTYPES = YES;
				CLANG_WARN_SUSPICIOUS_MOVE = YES;
				CLANG_WARN_UNGUARDED_AVAILABILITY = YES_AGGRESSIVE;
				CLANG_WARN_UNREACHABLE_CODE = YES;
				CLANG_WARN__DUPLICATE_METHOD_MATCH = YES;
				COPY_PHASE_STRIP = NO;
				DEBUG_INFORMATION_FORMAT = dwarf;
				ENABLE_STRICT_OBJC_MSGSEND = YES;
				ENABLE_TESTABILITY = YES;
				GCC_C_LANGUAGE_STANDARD = gnu11;
				GCC_DYNAMIC_NO_PIC = NO;
				GCC_NO_COMMON_BLOCKS = YES;
				GCC_OPTIMIZATION_LEVEL = 0;
				GCC_PREPROCESSOR_DEFINITIONS = (
					"DEBUG=1",
					"$(inherited)",
				);
				GCC_WARN_64_TO_32_BIT_CONVERSION = YES;
				GCC_WARN_ABOUT_RETURN_TYPE = YES_ERROR;
				GCC_WARN_UNDECLARED_SELECTOR = YES;
				GCC_WARN_UNINITIALIZED_AUTOS = YES_AGGRESSIVE;
				GCC_WARN_UNUSED_FUNCTION = YES;
				GCC_WARN_UNUSED_VARIABLE = YES;
				IPHONEOS_DEPLOYMENT_TARGET = 16.4;
				MTL_ENABLE_DEBUG_INFO = INCLUDE_SOURCE;
				MTL_FAST_MATH = YES;
				ONLY_ACTIVE_ARCH = YES;
				SDKROOT = iphoneos;
				SWIFT_ACTIVE_COMPILATION_CONDITIONS = DEBUG;
				SWIFT_OPTIMIZATION_LEVEL = "-Onone";
			};
			name = Debug;
		};
		F1903CB92A0941C600BFC06A /* Release */ = {
			isa = XCBuildConfiguration;
			buildSettings = {
				ALWAYS_SEARCH_USER_PATHS = NO;
				CLANG_ANALYZER_NONNULL = YES;
				CLANG_ANALYZER_NUMBER_OBJECT_CONVERSION = YES_AGGRESSIVE;
				CLANG_CXX_LANGUAGE_STANDARD = "gnu++20";
				CLANG_ENABLE_MODULES = YES;
				CLANG_ENABLE_OBJC_ARC = YES;
				CLANG_ENABLE_OBJC_WEAK = YES;
				CLANG_WARN_BLOCK_CAPTURE_AUTORELEASING = YES;
				CLANG_WARN_BOOL_CONVERSION = YES;
				CLANG_WARN_COMMA = YES;
				CLANG_WARN_CONSTANT_CONVERSION = YES;
				CLANG_WARN_DEPRECATED_OBJC_IMPLEMENTATIONS = YES;
				CLANG_WARN_DIRECT_OBJC_ISA_USAGE = YES_ERROR;
				CLANG_WARN_DOCUMENTATION_COMMENTS = YES;
				CLANG_WARN_EMPTY_BODY = YES;
				CLANG_WARN_ENUM_CONVERSION = YES;
				CLANG_WARN_INFINITE_RECURSION = YES;
				CLANG_WARN_INT_CONVERSION = YES;
				CLANG_WARN_NON_LITERAL_NULL_CONVERSION = YES;
				CLANG_WARN_OBJC_IMPLICIT_RETAIN_SELF = YES;
				CLANG_WARN_OBJC_LITERAL_CONVERSION = YES;
				CLANG_WARN_OBJC_ROOT_CLASS = YES_ERROR;
				CLANG_WARN_QUOTED_INCLUDE_IN_FRAMEWORK_HEADER = YES;
				CLANG_WARN_RANGE_LOOP_ANALYSIS = YES;
				CLANG_WARN_STRICT_PROTOTYPES = YES;
				CLANG_WARN_SUSPICIOUS_MOVE = YES;
				CLANG_WARN_UNGUARDED_AVAILABILITY = YES_AGGRESSIVE;
				CLANG_WARN_UNREACHABLE_CODE = YES;
				CLANG_WARN__DUPLICATE_METHOD_MATCH = YES;
				COPY_PHASE_STRIP = NO;
				DEBUG_INFORMATION_FORMAT = "dwarf-with-dsym";
				ENABLE_NS_ASSERTIONS = NO;
				ENABLE_STRICT_OBJC_MSGSEND = YES;
				GCC_C_LANGUAGE_STANDARD = gnu11;
				GCC_NO_COMMON_BLOCKS = YES;
				GCC_WARN_64_TO_32_BIT_CONVERSION = YES;
				GCC_WARN_ABOUT_RETURN_TYPE = YES_ERROR;
				GCC_WARN_UNDECLARED_SELECTOR = YES;
				GCC_WARN_UNINITIALIZED_AUTOS = YES_AGGRESSIVE;
				GCC_WARN_UNUSED_FUNCTION = YES;
				GCC_WARN_UNUSED_VARIABLE = YES;
				IPHONEOS_DEPLOYMENT_TARGET = 16.4;
				MTL_ENABLE_DEBUG_INFO = NO;
				MTL_FAST_MATH = YES;
				SDKROOT = iphoneos;
				SWIFT_COMPILATION_MODE = wholemodule;
				SWIFT_OPTIMIZATION_LEVEL = "-O";
				VALIDATE_PRODUCT = YES;
			};
			name = Release;
		};
		F1903CBB2A0941C600BFC06A /* Debug */ = {
			isa = XCBuildConfiguration;
			buildSettings = {
				ASSETCATALOG_COMPILER_APPICON_NAME = AppIcon;
				ASSETCATALOG_COMPILER_GLOBAL_ACCENT_COLOR_NAME = AccentColor;
				CODE_SIGN_STYLE = Automatic;
				CURRENT_PROJECT_VERSION = 1;
				GENERATE_INFOPLIST_FILE = YES;
				INFOPLIST_FILE = RickAndMorty/Info.plist;
				INFOPLIST_KEY_UIApplicationSupportsIndirectInputEvents = YES;
				INFOPLIST_KEY_UILaunchStoryboardName = LaunchScreen;
				INFOPLIST_KEY_UISupportedInterfaceOrientations_iPad = "UIInterfaceOrientationPortrait UIInterfaceOrientationPortraitUpsideDown UIInterfaceOrientationLandscapeLeft UIInterfaceOrientationLandscapeRight";
				INFOPLIST_KEY_UISupportedInterfaceOrientations_iPhone = "UIInterfaceOrientationPortrait UIInterfaceOrientationLandscapeLeft UIInterfaceOrientationLandscapeRight";
				LD_RUNPATH_SEARCH_PATHS = (
					"$(inherited)",
					"@executable_path/Frameworks",
				);
				MARKETING_VERSION = 1.0;
				PRODUCT_BUNDLE_IDENTIFIER = Sasha87.RickAndMorty;
				PRODUCT_NAME = "$(TARGET_NAME)";
				SWIFT_EMIT_LOC_STRINGS = YES;
				SWIFT_VERSION = 5.0;
				TARGETED_DEVICE_FAMILY = "1,2";
			};
			name = Debug;
		};
		F1903CBC2A0941C600BFC06A /* Release */ = {
			isa = XCBuildConfiguration;
			buildSettings = {
				ASSETCATALOG_COMPILER_APPICON_NAME = AppIcon;
				ASSETCATALOG_COMPILER_GLOBAL_ACCENT_COLOR_NAME = AccentColor;
				CODE_SIGN_STYLE = Automatic;
				CURRENT_PROJECT_VERSION = 1;
				GENERATE_INFOPLIST_FILE = YES;
				INFOPLIST_FILE = RickAndMorty/Info.plist;
				INFOPLIST_KEY_UIApplicationSupportsIndirectInputEvents = YES;
				INFOPLIST_KEY_UILaunchStoryboardName = LaunchScreen;
				INFOPLIST_KEY_UISupportedInterfaceOrientations_iPad = "UIInterfaceOrientationPortrait UIInterfaceOrientationPortraitUpsideDown UIInterfaceOrientationLandscapeLeft UIInterfaceOrientationLandscapeRight";
				INFOPLIST_KEY_UISupportedInterfaceOrientations_iPhone = "UIInterfaceOrientationPortrait UIInterfaceOrientationLandscapeLeft UIInterfaceOrientationLandscapeRight";
				LD_RUNPATH_SEARCH_PATHS = (
					"$(inherited)",
					"@executable_path/Frameworks",
				);
				MARKETING_VERSION = 1.0;
				PRODUCT_BUNDLE_IDENTIFIER = Sasha87.RickAndMorty;
				PRODUCT_NAME = "$(TARGET_NAME)";
				SWIFT_EMIT_LOC_STRINGS = YES;
				SWIFT_VERSION = 5.0;
				TARGETED_DEVICE_FAMILY = "1,2";
			};
			name = Release;
		};
/* End XCBuildConfiguration section */

/* Begin XCConfigurationList section */
		F1903CA12A0941C500BFC06A /* Build configuration list for PBXProject "RickAndMorty" */ = {
			isa = XCConfigurationList;
			buildConfigurations = (
				F1903CB82A0941C600BFC06A /* Debug */,
				F1903CB92A0941C600BFC06A /* Release */,
			);
			defaultConfigurationIsVisible = 0;
			defaultConfigurationName = Release;
		};
		F1903CBA2A0941C600BFC06A /* Build configuration list for PBXNativeTarget "RickAndMorty" */ = {
			isa = XCConfigurationList;
			buildConfigurations = (
				F1903CBB2A0941C600BFC06A /* Debug */,
				F1903CBC2A0941C600BFC06A /* Release */,
			);
			defaultConfigurationIsVisible = 0;
			defaultConfigurationName = Release;
		};
/* End XCConfigurationList section */
	};
	rootObject = F1903C9E2A0941C500BFC06A /* Project object */;
}
